
Microsoft Visual Studio Solution File, Format Version 12.00
# Visual Studio 15
VisualStudioVersion = 15.0.33423.255
MinimumVisualStudioVersion = 10.0.40219.1
Project("{FAE04EC0-301F-11D3-BF4B-00C04F79EFBC}") = "InsertGeometryProperty", "InsertGeometryProperty\InsertGeometryProperty.csproj", "{89F662F7-8846-49D9-B5EB-67B71BDB7CC2}"
EndProject
Global
	GlobalSection(SolutionConfigurationPlatforms) = preSolution
		Debug|Any CPU = Debug|Any CPU
		Release|Any CPU = Release|Any CPU
	EndGlobalSection
	GlobalSection(ProjectConfigurationPlatforms) = postSolution
		{89F662F7-8846-49D9-B5EB-67B71BDB7CC2}.Debug|Any CPU.ActiveCfg = Debug|Any CPU
		{89F662F7-8846-49D9-B5EB-67B71BDB7CC2}.Debug|Any CPU.Build.0 = Debug|Any CPU
		{89F662F7-8846-49D9-B5EB-67B71BDB7CC2}.Release|Any CPU.ActiveCfg = Release|Any CPU
		{89F662F7-8846-49D9-B5EB-67B71BDB7CC2}.Release|Any CPU.Build.0 = Release|Any CPU
	EndGlobalSection
	GlobalSection(SolutionProperties) = preSolution
		HideSolutionNode = FALSE
	EndGlobalSection
	GlobalSection(ExtensibilityGlobals) = postSolution
		SolutionGuid = {0BF03F65-9158-4C75-992A-E15E4EA0E146}
	EndGlobalSection
EndGlobal
